PODS:
  - Flutter (1.0.0)
  - tinkoff_sdk (0.0.1):
    - Flutter
    - TinkoffASDKCore (= 2.2.2)
    - TinkoffASDKUI (= 2.2.2)
  - TinkoffASDKCore (2.2.2)
  - TinkoffASDKUI (2.2.2):
    - TinkoffASDKCore

DEPENDENCIES:
  - Flutter (from `Flutter`)
  - tinkoff_sdk (from `.symlinks/plugins/tinkoff_sdk/ios`)

SPEC REPOS:
  trunk:
    - TinkoffASDKCore
    - TinkoffASDKUI

EXTERNAL SOURCES:
  Flutter:
    :path: Flutter
  tinkoff_sdk:
    :path: ".symlinks/plugins/tinkoff_sdk/ios"

SPEC CHECKSUMS:
  Flutter: 434fef37c0980e73bb6479ef766c45957d4b510c
  tinkoff_sdk: 7f7dd5435c46c5daa6487f8549ec3d5ee475489b
  TinkoffASDKCore: 7d98eb26e6b05232d84c91a2fa3d56e0c15e7623
  TinkoffASDKUI: 7914cc4ebbcf2128333d567db9715cc5d124948b

PODFILE CHECKSUM: aafe91acc616949ddb318b77800a7f51bffa2a4c

COCOAPODS: 1.10.1
